<?xml version="1.0" encoding="utf-8"?>
<Project ToolsVersion="4.0" xmlns="http://schemas.microsoft.com/developer/msbuild/2003">
  <ItemGroup>
    <ClCompile Include="JSAB.cpp" />
    <ClCompile Include="LoadScenes.h">
      <Filter>Contents\Load</Filter>
    </ClCompile>
    <ClCompile Include="AnnhilateScene.cpp">
      <Filter>Contents\Scene</Filter>
    </ClCompile>
    <ClCompile Include="CoolFriendsScene.cpp">
      <Filter>Contents\Scene</Filter>
    </ClCompile>
    <ClCompile Include="OverworldScene.cpp">
      <Filter>Contents\Scene</Filter>
    </ClCompile>
    <ClCompile Include="TryThisScene.cpp">
      <Filter>Contents\Scene</Filter>
    </ClCompile>
    <ClCompile Include="BackgroundObject.cpp">
      <Filter>Contents\Background</Filter>
    </ClCompile>
    <ClCompile Include="BackgroundScript.cpp">
      <Filter>Contents\Background</Filter>
    </ClCompile>
    <ClCompile Include="JSABRenderer.cpp">
      <Filter>Contents\Load</Filter>
    </ClCompile>
    <ClCompile Include="PlayerPrefab.cpp">
      <Filter>Contents\Player</Filter>
    </ClCompile>
    <ClCompile Include="TitleScene.cpp">
      <Filter>Contents\Scene\Title\Scene</Filter>
    </ClCompile>
    <ClCompile Include="OpeningUIObjects.cpp">
      <Filter>Contents\Scene\Title\UIs</Filter>
    </ClCompile>
    <ClCompile Include="TitleObject.cpp">
      <Filter>Contents\Scene\Title\UIs</Filter>
    </ClCompile>
    <ClCompile Include="MenuScene.cpp">
      <Filter>Contents\Scene\Title\Scene</Filter>
    </ClCompile>
    <ClCompile Include="MenuButtonObject.cpp">
      <Filter>Contents\Scene\Title\UIs</Filter>
    </ClCompile>
    <ClCompile Include="yaCameraScript.cpp">
      <Filter>EngineTesters</Filter>
    </ClCompile>
    <ClCompile Include="yaGridScript.cpp">
      <Filter>EngineTesters</Filter>
    </ClCompile>
    <ClCompile Include="yaPlayerScript.cpp">
      <Filter>EngineTesters</Filter>
    </ClCompile>
    <ClCompile Include="yaPlayScene.cpp">
      <Filter>EngineTesters</Filter>
    </ClCompile>
    <ClCompile Include="Player.cpp">
      <Filter>Contents\Player</Filter>
    </ClCompile>
    <ClCompile Include="TrianglePrefab.cpp">
      <Filter>Contents\Triangle</Filter>
    </ClCompile>
    <ClCompile Include="MusicController.cpp">
      <Filter>Contents\Managers</Filter>
    </ClCompile>
    <ClCompile Include="Bullet.cpp">
      <Filter>Contents\Bullets</Filter>
    </ClCompile>
    <ClCompile Include="TutorialScene.cpp">
      <Filter>Contents\Scene\Tutorial\Scene</Filter>
    </ClCompile>
    <ClCompile Include="CameraScript.cpp">
      <Filter>Contents\Camera</Filter>
    </ClCompile>
    <ClCompile Include="TutorialBeatBar.cpp">
      <Filter>Contents\Scene\Tutorial\Bullet</Filter>
    </ClCompile>
    <ClCompile Include="TutorialBurst.cpp">
      <Filter>Contents\Scene\Tutorial\Bullet</Filter>
    </ClCompile>
    <ClCompile Include="TutorialEightBullets.cpp">
      <Filter>Contents\Scene\Tutorial\Bullet</Filter>
    </ClCompile>
    <ClCompile Include="TutorialBeatCircle.cpp">
      <Filter>Contents\Scene\Tutorial\Bullet</Filter>
    </ClCompile>
    <ClCompile Include="TutorialEightBar.cpp">
      <Filter>Contents\Scene\Tutorial\Bullet</Filter>
    </ClCompile>
    <ClCompile Include="TutorialManager.cpp">
      <Filter>Contents\Scene\Tutorial\Managers</Filter>
    </ClCompile>
    <ClCompile Include="TutorialMusicController.cpp">
      <Filter>Contents\Scene\Tutorial\Managers</Filter>
    </ClCompile>
    <ClCompile Include="TutorialGiantCircle.cpp">
      <Filter>Contents\Scene\Tutorial\Bullet</Filter>
    </ClCompile>
    <ClCompile Include="DubwooferScene.cpp">
      <Filter>Contents\Scene</Filter>
    </ClCompile>
  </ItemGroup>
  <ItemGroup>
    <ClInclude Include="framework.h" />
    <ClInclude Include="AnnhilateScene.h">
      <Filter>Contents\Scene</Filter>
    </ClInclude>
    <ClInclude Include="CoolFriendsScene.h">
      <Filter>Contents\Scene</Filter>
    </ClInclude>
    <ClInclude Include="OverworldScene.h">
      <Filter>Contents\Scene</Filter>
    </ClInclude>
    <ClInclude Include="TryThisScene.h">
      <Filter>Contents\Scene</Filter>
    </ClInclude>
    <ClInclude Include="BackgroundObject.h">
      <Filter>Contents\Background</Filter>
    </ClInclude>
    <ClInclude Include="BackgroundScript.h">
      <Filter>Contents\Background</Filter>
    </ClInclude>
    <ClInclude Include="JSABRenderer.h">
      <Filter>Contents\Load</Filter>
    </ClInclude>
    <ClInclude Include="PlayerPrefab.h">
      <Filter>Contents\Player</Filter>
    </ClInclude>
    <ClInclude Include="TitleScene.h">
      <Filter>Contents\Scene\Title\Scene</Filter>
    </ClInclude>
    <ClInclude Include="OpeningUIObjects.h">
      <Filter>Contents\Scene\Title\UIs</Filter>
    </ClInclude>
    <ClInclude Include="TitleObject.h">
      <Filter>Contents\Scene\Title\UIs</Filter>
    </ClInclude>
    <ClInclude Include="MenuScene.h">
      <Filter>Contents\Scene\Title\Scene</Filter>
    </ClInclude>
    <ClInclude Include="MenuButtonObject.h">
      <Filter>Contents\Scene\Title\UIs</Filter>
    </ClInclude>
    <ClInclude Include="yaPlayerScript.h">
      <Filter>EngineTesters</Filter>
    </ClInclude>
    <ClInclude Include="yaCameraScript.h">
      <Filter>EngineTesters</Filter>
    </ClInclude>
    <ClInclude Include="yaGridScript.h">
      <Filter>EngineTesters</Filter>
    </ClInclude>
    <ClInclude Include="yaPlayScene.h">
      <Filter>EngineTesters</Filter>
    </ClInclude>
    <ClInclude Include="Player.h">
      <Filter>Contents\Player</Filter>
    </ClInclude>
    <ClInclude Include="TrianglePrefab.h">
      <Filter>Contents\Triangle</Filter>
    </ClInclude>
    <ClInclude Include="GeneralEffects.h">
      <Filter>Contents</Filter>
    </ClInclude>
    <ClInclude Include="resource.h" />
    <ClInclude Include="MusicController.h">
      <Filter>Contents\Managers</Filter>
    </ClInclude>
    <ClInclude Include="Bullet.h">
      <Filter>Contents\Bullets</Filter>
    </ClInclude>
    <ClInclude Include="BulletPool.h">
      <Filter>Contents\Bullets</Filter>
    </ClInclude>
    <ClInclude Include="TutorialScene.h">
      <Filter>Contents\Scene\Tutorial\Scene</Filter>
    </ClInclude>
    <ClInclude Include="CameraScript.h">
      <Filter>Contents\Camera</Filter>
    </ClInclude>
    <ClInclude Include="TutorialBeatBar.h">
      <Filter>Contents\Scene\Tutorial\Bullet</Filter>
    </ClInclude>
    <ClInclude Include="TutorialBurst.h">
      <Filter>Contents\Scene\Tutorial\Bullet</Filter>
    </ClInclude>
    <ClInclude Include="TutorialEightBullets.h">
      <Filter>Contents\Scene\Tutorial\Bullet</Filter>
    </ClInclude>
    <ClInclude Include="TutorialBeatCircle.h">
      <Filter>Contents\Scene\Tutorial\Bullet</Filter>
    </ClInclude>
    <ClInclude Include="TutorialEightBar.h">
      <Filter>Contents\Scene\Tutorial\Bullet</Filter>
    </ClInclude>
    <ClInclude Include="TutorialManager.h">
      <Filter>Contents\Scene\Tutorial\Managers</Filter>
    </ClInclude>
    <ClInclude Include="TutorialMusicController.h">
      <Filter>Contents\Scene\Tutorial\Managers</Filter>
    </ClInclude>
    <ClInclude Include="TutorialGiantCircle.h">
      <Filter>Contents\Scene\Tutorial\Bullet</Filter>
    </ClInclude>
    <ClInclude Include="DubwooferScene.h">
      <Filter>Contents\Scene</Filter>
    </ClInclude>
  </ItemGroup>
  <ItemGroup>
    <Filter Include="Contents">
      <UniqueIdentifier>{aa626dde-8919-4829-940d-aed1ffec7606}</UniqueIdentifier>
    </Filter>
    <Filter Include="Contents\Load">
      <UniqueIdentifier>{d56c7989-6404-413b-bbe8-66091196284d}</UniqueIdentifier>
    </Filter>
    <Filter Include="Contents\Scene">
      <UniqueIdentifier>{2ece5e94-2beb-4579-8ff7-7b56ddd12fa1}</UniqueIdentifier>
    </Filter>
    <Filter Include="Contents\Background">
      <UniqueIdentifier>{0d4b3305-a180-4535-a185-a204a6175fcb}</UniqueIdentifier>
    </Filter>
    <Filter Include="Contents\Player">
      <UniqueIdentifier>{47ed1ab3-0204-4cfb-a7d3-7870e2d41e05}</UniqueIdentifier>
    </Filter>
    <Filter Include="Contents\Triangle">
      <UniqueIdentifier>{96c9b033-a0f2-4da5-9b47-3a6878c8c1dc}</UniqueIdentifier>
    </Filter>
    <Filter Include="Contents\Scene\Title">
      <UniqueIdentifier>{3a3123e0-4a96-482c-8c82-fe9d3e48f546}</UniqueIdentifier>
    </Filter>
    <Filter Include="Contents\Scene\Title\Scene">
      <UniqueIdentifier>{0262d4c1-070e-4254-b141-0c1bf5498695}</UniqueIdentifier>
    </Filter>
    <Filter Include="Contents\Scene\Title\UIs">
      <UniqueIdentifier>{c9d45362-4870-4773-a869-e7e077680a40}</UniqueIdentifier>
    </Filter>
    <Filter Include="Contents\Scene\Title\OpeningAnimation">
      <UniqueIdentifier>{1f52ea33-f941-478c-a5c1-538d32bfa56f}</UniqueIdentifier>
    </Filter>
    <Filter Include="EngineTesters">
      <UniqueIdentifier>{89c1cf6b-235f-4192-bec8-7e6260ac1f60}</UniqueIdentifier>
    </Filter>
    <Filter Include="Contents\Bullets">
      <UniqueIdentifier>{d4b81a8b-9340-4988-bb91-4237afced6c5}</UniqueIdentifier>
    </Filter>
    <Filter Include="Contents\Managers">
      <UniqueIdentifier>{500b1b7f-c28c-4150-9629-6aa0f9b02e32}</UniqueIdentifier>
    </Filter>
    <Filter Include="Contents\Camera">
      <UniqueIdentifier>{a63bfb69-c775-400c-aa2a-c738e4cd9c3f}</UniqueIdentifier>
    </Filter>
    <Filter Include="Contents\Scene\Tutorial">
      <UniqueIdentifier>{7cf01eb1-5ee9-40c9-b20b-13a6609da5f9}</UniqueIdentifier>
    </Filter>
    <Filter Include="Contents\Scene\Tutorial\Scene">
      <UniqueIdentifier>{e583f8ff-8653-465a-89a8-05937618ecd0}</UniqueIdentifier>
    </Filter>
    <Filter Include="Contents\Scene\Tutorial\Bullet">
      <UniqueIdentifier>{d75bdd1e-9a2a-4064-92d3-3e5b2fa8c43e}</UniqueIdentifier>
    </Filter>
    <Filter Include="Contents\Scene\Tutorial\Managers">
      <UniqueIdentifier>{f65359ed-cd0a-4232-a371-6926038e203b}</UniqueIdentifier>
    </Filter>
  </ItemGroup>
  <ItemGroup>
    <ResourceCompile Include="JSAB.rc" />
  </ItemGroup>
</Project>