<?xml version="1.0" encoding="utf-8"?>
<Project ToolsVersion="4.0" xmlns="http://schemas.microsoft.com/developer/msbuild/2003">
  <ItemGroup>
    <Filter Include="Default">
      <UniqueIdentifier>{9f846b9a-2008-417c-a12e-f3f8d8c29ae2}</UniqueIdentifier>
    </Filter>
    <Filter Include="Source">
      <UniqueIdentifier>{5a0d4255-1b7b-4cad-ae79-e1496150dbfe}</UniqueIdentifier>
    </Filter>
    <Filter Include="Source\00. Header">
      <UniqueIdentifier>{26f3384b-7a40-4dd9-91ba-5a169ac1c785}</UniqueIdentifier>
    </Filter>
    <Filter Include="Source\09. Module">
      <UniqueIdentifier>{c7516171-9cfb-41ad-a6c3-c473ce22e734}</UniqueIdentifier>
    </Filter>
    <Filter Include="Source\09. Module\SimpleMath">
      <UniqueIdentifier>{e3c4a3e5-c380-4008-ae6d-401265f1c7c2}</UniqueIdentifier>
    </Filter>
    <Filter Include="Source\01. Engine">
      <UniqueIdentifier>{e1672082-1eaa-4dda-9bd7-06a645d774f9}</UniqueIdentifier>
    </Filter>
  </ItemGroup>
  <ItemGroup>
    <ClInclude Include="framework.h">
      <Filter>Default</Filter>
    </ClInclude>
    <ClInclude Include="pch.h">
      <Filter>Default</Filter>
    </ClInclude>
    <ClInclude Include="components.h">
      <Filter>Source\00. Header</Filter>
    </ClInclude>
    <ClInclude Include="define.h">
      <Filter>Source\00. Header</Filter>
    </ClInclude>
    <ClInclude Include="global.h">
      <Filter>Source\00. Header</Filter>
    </ClInclude>
    <ClInclude Include="struct.h">
      <Filter>Source\00. Header</Filter>
    </ClInclude>
    <ClInclude Include="func.h">
      <Filter>Source\00. Header</Filter>
    </ClInclude>
    <ClInclude Include="SimpleMath.h">
      <Filter>Source\09. Module\SimpleMath</Filter>
    </ClInclude>
    <ClInclude Include="CSingleton.h">
      <Filter>Source\09. Module</Filter>
    </ClInclude>
    <ClInclude Include="CEngine.h">
      <Filter>Source\01. Engine</Filter>
    </ClInclude>
  </ItemGroup>
  <ItemGroup>
    <ClCompile Include="Engine.cpp">
      <Filter>Default</Filter>
    </ClCompile>
    <ClCompile Include="pch.cpp">
      <Filter>Default</Filter>
    </ClCompile>
    <ClCompile Include="extern.cpp">
      <Filter>Source\00. Header</Filter>
    </ClCompile>
    <ClCompile Include="func.cpp">
      <Filter>Source\00. Header</Filter>
    </ClCompile>
    <ClCompile Include="CEngine.cpp">
      <Filter>Source\01. Engine</Filter>
    </ClCompile>
  </ItemGroup>
  <ItemGroup>
    <None Include="SimpleMath.inl">
      <Filter>Source\09. Module\SimpleMath</Filter>
    </None>
  </ItemGroup>
</Project>